
Microsoft Visual Studio Solution File, Format Version 12.00
# Visual Studio 15
VisualStudioVersion = 15.0.27703.2042
MinimumVisualStudioVersion = 10.0.40219.1
Project("{FAE04EC0-301F-11D3-BF4B-00C04F79EFBC}") = "Meridian", "Meridian\Meridian.csproj", "{B3F68E84-692A-482D-A97F-CC01AF9D15EA}"
EndProject
Global
	GlobalSection(SolutionConfigurationPlatforms) = preSolution
		Debug|Any CPU = Debug|Any CPU
		Release|Any CPU = Release|Any CPU
	EndGlobalSection
	GlobalSection(ProjectConfigurationPlatforms) = postSolution
		{B3F68E84-692A-482D-A97F-CC01AF9D15EA}.Debug|Any CPU.ActiveCfg = Debug|Any CPU
		{B3F68E84-692A-482D-A97F-CC01AF9D15EA}.Debug|Any CPU.Build.0 = Debug|Any CPU
		{B3F68E84-692A-482D-A97F-CC01AF9D15EA}.Release|Any CPU.ActiveCfg = Release|Any CPU
		{B3F68E84-692A-482D-A97F-CC01AF9D15EA}.Release|Any CPU.Build.0 = Release|Any CPU
	EndGlobalSection
	GlobalSection(SolutionProperties) = preSolution
		HideSolutionNode = FALSE
	EndGlobalSection
	GlobalSection(ExtensibilityGlobals) = postSolution
		SolutionGuid = {433CE7DB-FDAB-413F-A827-7C726221C101}
	EndGlobalSection
EndGlobal
